
Microsoft Visual Studio Solution File, Format Version 12.00
# Visual Studio Version 17
VisualStudioVersion = 17.14.36511.14
MinimumVisualStudioVersion = 10.0.40219.1
Project("{8BC9CEB8-8B4A-11D0-8D11-00A0C91BC942}") = "#2", "#2\#2.vcxproj", "{4A43386F-10A2-4397-A678-50820C6A6FD7}"
EndProject
Project("{8BC9CEB8-8B4A-11D0-8D11-00A0C91BC942}") = "#1", "#1\#1.vcxproj", "{2A79194B-3788-425A-A61C-723926480A33}"
EndProject
Project("{8BC9CEB8-8B4A-11D0-8D11-00A0C91BC942}") = "#3", "#3\#3.vcxproj", "{EC3ADD98-EA44-4197-B778-DBE3E29EA5D8}"
EndProject
Project("{8BC9CEB8-8B4A-11D0-8D11-00A0C91BC942}") = "#4", "#4\#4.vcxproj", "{45081BEF-BB54-4588-9BC0-0512B2B45FC0}"
EndProject
Project("{8BC9CEB8-8B4A-11D0-8D11-00A0C91BC942}") = "#5", "#5\#5.vcxproj", "{18C3F60E-E654-468D-AA2D-9D5D8B251D6E}"
EndProject
Project("{8BC9CEB8-8B4A-11D0-8D11-00A0C91BC942}") = "#6", "#6\#6.vcxproj", "{019CE86F-A5B1-4BA6-BE32-3DE625549D9D}"
EndProject
Global
	GlobalSection(SolutionConfigurationPlatforms) = preSolution
		Debug|x64 = Debug|x64
		Debug|x86 = Debug|x86
		Release|x64 = Release|x64
		Release|x86 = Release|x86
	EndGlobalSection
	GlobalSection(ProjectConfigurationPlatforms) = postSolution
		{4A43386F-10A2-4397-A678-50820C6A6FD7}.Debug|x64.ActiveCfg = Debug|x64
		{4A43386F-10A2-4397-A678-50820C6A6FD7}.Debug|x64.Build.0 = Debug|x64
		{4A43386F-10A2-4397-A678-50820C6A6FD7}.Debug|x86.ActiveCfg = Debug|Win32
		{4A43386F-10A2-4397-A678-50820C6A6FD7}.Debug|x86.Build.0 = Debug|Win32
		{4A43386F-10A2-4397-A678-50820C6A6FD7}.Release|x64.ActiveCfg = Release|x64
		{4A43386F-10A2-4397-A678-50820C6A6FD7}.Release|x64.Build.0 = Release|x64
		{4A43386F-10A2-4397-A678-50820C6A6FD7}.Release|x86.ActiveCfg = Release|Win32
		{4A43386F-10A2-4397-A678-50820C6A6FD7}.Release|x86.Build.0 = Release|Win32
		{2A79194B-3788-425A-A61C-723926480A33}.Debug|x64.ActiveCfg = Debug|x64
		{2A79194B-3788-425A-A61C-723926480A33}.Debug|x64.Build.0 = Debug|x64
		{2A79194B-3788-425A-A61C-723926480A33}.Debug|x86.ActiveCfg = Debug|Win32
		{2A79194B-3788-425A-A61C-723926480A33}.Debug|x86.Build.0 = Debug|Win32
		{2A79194B-3788-425A-A61C-723926480A33}.Release|x64.ActiveCfg = Release|x64
		{2A79194B-3788-425A-A61C-723926480A33}.Release|x64.Build.0 = Release|x64
		{2A79194B-3788-425A-A61C-723926480A33}.Release|x86.ActiveCfg = Release|Win32
		{2A79194B-3788-425A-A61C-723926480A33}.Release|x86.Build.0 = Release|Win32
		{EC3ADD98-EA44-4197-B778-DBE3E29EA5D8}.Debug|x64.ActiveCfg = Debug|x64
		{EC3ADD98-EA44-4197-B778-DBE3E29EA5D8}.Debug|x64.Build.0 = Debug|x64
		{EC3ADD98-EA44-4197-B778-DBE3E29EA5D8}.Debug|x86.ActiveCfg = Debug|Win32
		{EC3ADD98-EA44-4197-B778-DBE3E29EA5D8}.Debug|x86.Build.0 = Debug|Win32
		{EC3ADD98-EA44-4197-B778-DBE3E29EA5D8}.Release|x64.ActiveCfg = Release|x64
		{EC3ADD98-EA44-4197-B778-DBE3E29EA5D8}.Release|x64.Build.0 = Release|x64
		{EC3ADD98-EA44-4197-B778-DBE3E29EA5D8}.Release|x86.ActiveCfg = Release|Win32
		{EC3ADD98-EA44-4197-B778-DBE3E29EA5D8}.Release|x86.Build.0 = Release|Win32
		{45081BEF-BB54-4588-9BC0-0512B2B45FC0}.Debug|x64.ActiveCfg = Debug|x64
		{45081BEF-BB54-4588-9BC0-0512B2B45FC0}.Debug|x64.Build.0 = Debug|x64
		{45081BEF-BB54-4588-9BC0-0512B2B45FC0}.Debug|x86.ActiveCfg = Debug|Win32
		{45081BEF-BB54-4588-9BC0-0512B2B45FC0}.Debug|x86.Build.0 = Debug|Win32
		{45081BEF-BB54-4588-9BC0-0512B2B45FC0}.Release|x64.ActiveCfg = Release|x64
		{45081BEF-BB54-4588-9BC0-0512B2B45FC0}.Release|x64.Build.0 = Release|x64
		{45081BEF-BB54-4588-9BC0-0512B2B45FC0}.Release|x86.ActiveCfg = Release|Win32
		{45081BEF-BB54-4588-9BC0-0512B2B45FC0}.Release|x86.Build.0 = Release|Win32
		{18C3F60E-E654-468D-AA2D-9D5D8B251D6E}.Debug|x64.ActiveCfg = Debug|x64
		{18C3F60E-E654-468D-AA2D-9D5D8B251D6E}.Debug|x64.Build.0 = Debug|x64
		{18C3F60E-E654-468D-AA2D-9D5D8B251D6E}.Debug|x86.ActiveCfg = Debug|Win32
		{18C3F60E-E654-468D-AA2D-9D5D8B251D6E}.Debug|x86.Build.0 = Debug|Win32
		{18C3F60E-E654-468D-AA2D-9D5D8B251D6E}.Release|x64.ActiveCfg = Release|x64
		{18C3F60E-E654-468D-AA2D-9D5D8B251D6E}.Release|x64.Build.0 = Release|x64
		{18C3F60E-E654-468D-AA2D-9D5D8B251D6E}.Release|x86.ActiveCfg = Release|Win32
		{18C3F60E-E654-468D-AA2D-9D5D8B251D6E}.Release|x86.Build.0 = Release|Win32
		{019CE86F-A5B1-4BA6-BE32-3DE625549D9D}.Debug|x64.ActiveCfg = Debug|x64
		{019CE86F-A5B1-4BA6-BE32-3DE625549D9D}.Debug|x64.Build.0 = Debug|x64
		{019CE86F-A5B1-4BA6-BE32-3DE625549D9D}.Debug|x86.ActiveCfg = Debug|Win32
		{019CE86F-A5B1-4BA6-BE32-3DE625549D9D}.Debug|x86.Build.0 = Debug|Win32
		{019CE86F-A5B1-4BA6-BE32-3DE625549D9D}.Release|x64.ActiveCfg = Release|x64
		{019CE86F-A5B1-4BA6-BE32-3DE625549D9D}.Release|x64.Build.0 = Release|x64
		{019CE86F-A5B1-4BA6-BE32-3DE625549D9D}.Release|x86.ActiveCfg = Release|Win32
		{019CE86F-A5B1-4BA6-BE32-3DE625549D9D}.Release|x86.Build.0 = Release|Win32
	EndGlobalSection
	GlobalSection(SolutionProperties) = preSolution
		HideSolutionNode = FALSE
	EndGlobalSection
	GlobalSection(ExtensibilityGlobals) = postSolution
		SolutionGuid = {6DBDE2C8-0C75-400A-9D03-3C85586A5EFA}
	EndGlobalSection
EndGlobal
